
Microsoft Visual Studio Solution File, Format Version 12.00
# Visual Studio Version 16
VisualStudioVersion = 16.0.31313.79
MinimumVisualStudioVersion = 10.0.40219.1
Project("{FAE04EC0-301F-11D3-BF4B-00C04F79EFBC}") = "WebApplication1", "WebApplication1\WebApplication1.csproj", "{68CEBA04-0405-46AD-80B0-AE5FB005170C}"
EndProject
Global
	GlobalSection(SolutionConfigurationPlatforms) = preSolution
		Debug|Any CPU = Debug|Any CPU
		Release|Any CPU = Release|Any CPU
	EndGlobalSection
	GlobalSection(ProjectConfigurationPlatforms) = postSolution
		{68CEBA04-0405-46AD-80B0-AE5FB005170C}.Debug|Any CPU.ActiveCfg = Debug|Any CPU
		{68CEBA04-0405-46AD-80B0-AE5FB005170C}.Debug|Any CPU.Build.0 = Debug|Any CPU
		{68CEBA04-0405-46AD-80B0-AE5FB005170C}.Release|Any CPU.ActiveCfg = Release|Any CPU
		{68CEBA04-0405-46AD-80B0-AE5FB005170C}.Release|Any CPU.Build.0 = Release|Any CPU
	EndGlobalSection
	GlobalSection(SolutionProperties) = preSolution
		HideSolutionNode = FALSE
	EndGlobalSection
	GlobalSection(ExtensibilityGlobals) = postSolution
		SolutionGuid = {C692A4D9-BC7F-4D56-A8BC-E32F359E6199}
	EndGlobalSection
EndGlobal
